PODS:
  - Alamofire (4.6.0)
  - DateTools (2.0.0)
  - RxCocoa (3.0.1):
    - RxSwift (~> 3.0)
  - RxDataSources (1.0.4):
    - RxCocoa (~> 3.0)
    - RxSwift (~> 3.0)
  - RxSwift (3.0.1)
  - SDWebImage (4.3.0):
    - SDWebImage/Core (= 4.3.0)
  - SDWebImage/Core (4.3.0)
  - SwiftyJSON (2.3.2)

DEPENDENCIES:
  - Alamofire
  - DateTools
  - RxCocoa (~> 3.0.0.alpha.1)
  - RxDataSources (~> 1.0.0-beta.2)
  - RxSwift (~> 3.0.0.alpha.1)
  - SDWebImage
  - SwiftyJSON (from `https://github.com/BaiduHiDeviOS/SwiftyJSON.git`, branch `swift3`)

EXTERNAL SOURCES:
  SwiftyJSON:
    :branch: swift3
    :git: https://github.com/BaiduHiDeviOS/SwiftyJSON.git

CHECKOUT OPTIONS:
  SwiftyJSON:
    :commit: de5dc3b1b421805769590d331178551bbb0e5733
    :git: https://github.com/BaiduHiDeviOS/SwiftyJSON.git

SPEC CHECKSUMS:
  Alamofire: f41a599bd63041760b26d393ec1069d9d7b917f4
  DateTools: 933ac9c490f21f92127cf690ccd8c397e0126caf
  RxCocoa: 15a52fc590dcc700cb4a690a633b5c5184ce3a78
  RxDataSources: b3389acc5fe2eefb8fcd81a2b76a876ad08bc82a
  RxSwift: af5680055c4ad04480189c52d28385b1029493a6
  SDWebImage: 6da6c8bca115addc4de8613362e1b15f66333825
  SwiftyJSON: 6118fb49d7519c4d31a0c1f3d5af936e9047b556

PODFILE CHECKSUM: 6cffd45c61d9cc11a9ad2d43bb0b0b6292ab6a38

COCOAPODS: 1.4.0
